
Microsoft Visual Studio Solution File, Format Version 12.00
# Visual Studio Version 17
VisualStudioVersion = 17.5.002.0
MinimumVisualStudioVersion = 10.0.40219.1
Project("{9A19103F-16F7-4668-BE54-9A1E7A4F7556}") = "gandt-dependabot-test", "gandt-dependabot-test.csproj", "{446AB016-B7F2-460F-A965-20F7DFC78A0B}"
EndProject
Global
	GlobalSection(SolutionConfigurationPlatforms) = preSolution
		Debug|Any CPU = Debug|Any CPU
		Release|Any CPU = Release|Any CPU
	EndGlobalSection
	GlobalSection(ProjectConfigurationPlatforms) = postSolution
		{446AB016-B7F2-460F-A965-20F7DFC78A0B}.Debug|Any CPU.ActiveCfg = Debug|Any CPU
		{446AB016-B7F2-460F-A965-20F7DFC78A0B}.Debug|Any CPU.Build.0 = Debug|Any CPU
		{446AB016-B7F2-460F-A965-20F7DFC78A0B}.Release|Any CPU.ActiveCfg = Release|Any CPU
		{446AB016-B7F2-460F-A965-20F7DFC78A0B}.Release|Any CPU.Build.0 = Release|Any CPU
	EndGlobalSection
	GlobalSection(SolutionProperties) = preSolution
		HideSolutionNode = FALSE
	EndGlobalSection
	GlobalSection(ExtensibilityGlobals) = postSolution
		SolutionGuid = {6012DD82-D1DC-4B2A-847C-7C9B119C3771}
	EndGlobalSection
EndGlobal
